[[package]]
category = "dev"
description = "Disable App Nap on OS X 10.9"
marker = "sys_platform == \"darwin\""
name = "appnope"
optional = false
python-versions = "*"
version = "0.1.0"

[[package]]
category = "dev"
description = "Specifications for callback functions passed in to an API"
name = "backcall"
optional = false
python-versions = "*"
version = "0.1.0"

[[package]]
category = "dev"
description = "Cross-platform colored terminal text."
marker = "sys_platform == \"win32\""
name = "colorama"
optional = false
python-versions = ">=2.7, !=3.0.*, !=3.1.*, !=3.2.*, !=3.3.*"
version = "0.4.1"

[[package]]
category = "dev"
description = "Better living through Python with decorators"
name = "decorator"
optional = false
python-versions = ">=2.6, !=3.0.*, !=3.1.*"
version = "4.4.0"

[[package]]
category = "main"
description = "A high-level Python Web framework that encourages rapid development and clean, pragmatic design."
name = "django"
optional = false
python-versions = ">=3.5"
version = "2.2.6"

[package.dependencies]
pytz = "*"
sqlparse = "*"

[[package]]
category = "main"
description = "Django 2.0 ModelAdmin list_filter with autocomplete widget."
name = "django-autocompletefilter"
optional = false
python-versions = ">=3.4"
version = "0.0.5"

[package.dependencies]
django = ">=2.0,<3.0"

[[package]]
category = "main"
description = "Django live settings with pluggable backends, including Redis."
name = "django-constance"
optional = false
python-versions = "*"
version = "2.4.0"

[package.dependencies]
django-picklefield = "*"

[[package]]
category = "main"
description = "django-cors-headers is a Django application for handling the server headers required for Cross-Origin Resource Sharing (CORS)."
name = "django-cors-headers"
optional = false
python-versions = ">=3.5"
version = "3.1.1"

[package.dependencies]
Django = ">=1.11"

[[package]]
category = "main"
description = "Extensions for Django"
name = "django-extensions"
optional = false
python-versions = "*"
version = "2.2.5"

[package.dependencies]
six = ">=1.2"

[[package]]
category = "main"
description = "Django-filter is a reusable Django application for allowing users to filter querysets dynamically."
name = "django-filter"
optional = false
python-versions = ">=3.4"
version = "2.2.0"

[package.dependencies]
Django = ">=1.11"

[[package]]
category = "main"
description = "An app to add a \"Log in as user\" button in the Django user admin page."
name = "django-loginas"
optional = false
python-versions = "*"
version = "0.3.6"

[[package]]
category = "main"
description = "Pickled object field for Django"
marker = "extra == \"database\""
name = "django-picklefield"
optional = false
python-versions = "*"
version = "2.0"

[package.dependencies]
Django = ">=1.11"

[[package]]
category = "main"
description = "An extension to the Django web framework that provides version control for model instances."
name = "django-reversion"
optional = false
python-versions = "*"
version = "3.0.4"

[package.dependencies]
django = ">=1.11"

[[package]]
category = "main"
description = "Organize Django settings into multiple files and directories. Easily override and modify settings. Use wildcards and optional settings files."
name = "django-split-settings"
optional = false
python-versions = ">=3.6,<4.0"
version = "1.0.0"

[[package]]
category = "main"
description = "Web APIs for Django, made easy."
name = "djangorestframework"
optional = false
python-versions = ">=3.5"
version = "3.10.3"

[[package]]
category = "main"
description = "Extensions to DRY up Django Rest Framework serializers"
name = "djangorestframework-serializer-extensions"
optional = false
python-versions = "*"
version = "1.0.0"

[package.dependencies]
hashids = ">1.0.0"

[[package]]
category = "main"
description = "A minimal JSON Web Token authentication plugin for Django REST Framework"
name = "djangorestframework-simplejwt"
optional = false
python-versions = ">=3.5,<4"
version = "4.3.0"

[package.dependencies]
django = "*"
djangorestframework = "*"
pyjwt = "*"

[[package]]
category = "main"
description = "Python implementation of hashids (http://www.hashids.org).Compatible with python 2.6-3."
name = "hashids"
optional = false
python-versions = "*"
version = "1.2.0"

[[package]]
category = "dev"
description = "IPython: Productive Interactive Computing"
name = "ipython"
optional = false
python-versions = ">=3.5"
version = "7.9.0"

[package.dependencies]
appnope = "*"
backcall = "*"
colorama = "*"
decorator = "*"
jedi = ">=0.10"
pexpect = "*"
pickleshare = "*"
prompt-toolkit = ">=2.0.0,<2.1.0"
pygments = "*"
setuptools = ">=18.5"
traitlets = ">=4.2"

[[package]]
category = "dev"
description = "Vestigial utilities from IPython"
name = "ipython-genutils"
optional = false
python-versions = "*"
version = "0.2.0"

[[package]]
category = "dev"
description = "An autocompletion tool for Python that can be used for text editors."
name = "jedi"
optional = false
python-versions = ">=2.7, !=3.0.*, !=3.1.*, !=3.2.*, !=3.3.*"
version = "0.15.1"

[package.dependencies]
parso = ">=0.5.0"

[[package]]
category = "dev"
description = "A Python Parser"
name = "parso"
optional = false
python-versions = "*"
version = "0.5.1"

[[package]]
category = "dev"
description = "Pexpect allows easy control of interactive console applications."
marker = "sys_platform != \"win32\""
name = "pexpect"
optional = false
python-versions = "*"
version = "4.7.0"

[package.dependencies]
ptyprocess = ">=0.5"

[[package]]
category = "dev"
description = "Tiny 'shelve'-like database with concurrency support"
name = "pickleshare"
optional = false
python-versions = "*"
version = "0.7.5"

[[package]]
category = "main"
description = "Python Imaging Library (Fork)"
name = "pillow"
optional = false
python-versions = ">=2.7, !=3.0.*, !=3.1.*, !=3.2.*, !=3.3.*, !=3.4.*"
version = "6.2.1"

[[package]]
category = "dev"
description = "Library for building powerful interactive command lines in Python"
name = "prompt-toolkit"
optional = false
python-versions = ">=2.6, !=3.0.*, !=3.1.*, !=3.2.*"
version = "2.0.10"

[package.dependencies]
six = ">=1.9.0"
wcwidth = "*"

[[package]]
category = "dev"
description = "Run a subprocess in a pseudo terminal"
marker = "sys_platform != \"win32\""
name = "ptyprocess"
optional = false
python-versions = "*"
version = "0.6.0"

[[package]]
category = "dev"
description = "Pygments is a syntax highlighting package written in Python."
name = "pygments"
optional = false
python-versions = ">=2.7, !=3.0.*, !=3.1.*, !=3.2.*, !=3.3.*, !=3.4.*"
version = "2.4.2"

[[package]]
category = "main"
description = "JSON Web Token implementation in Python"
name = "pyjwt"
optional = false
python-versions = "*"
version = "1.7.1"

[[package]]
category = "main"
description = "World timezone definitions, modern and historical"
name = "pytz"
optional = false
python-versions = "*"
version = "2019.3"

[[package]]
category = "main"
description = "YAML parser and emitter for Python"
name = "pyyaml"
optional = false
python-versions = ">=2.7, !=3.0.*, !=3.1.*, !=3.2.*, !=3.3.*"
version = "5.1.2"

[[package]]
category = "main"
description = "Python 2 and 3 compatibility utilities"
name = "six"
optional = false
python-versions = ">=2.6, !=3.0.*, !=3.1.*"
version = "1.12.0"

[[package]]
category = "main"
description = "Non-validating SQL parser"
name = "sqlparse"
optional = false
python-versions = ">=2.7, !=3.0.*, !=3.1.*, !=3.2.*, !=3.3.*"
version = "0.3.0"

[[package]]
category = "dev"
description = "Traitlets Python config system"
name = "traitlets"
optional = false
python-versions = "*"
version = "4.3.3"

[package.dependencies]
decorator = "*"
ipython-genutils = "*"
six = "*"

[[package]]
category = "main"
description = "URI templates"
name = "uritemplate"
optional = false
python-versions = "*"
version = "3.0.0"

[[package]]
category = "dev"
description = "Measures number of Terminal column cells of wide-character codes"
name = "wcwidth"
optional = false
python-versions = "*"
version = "0.1.7"

[[package]]
category = "dev"
description = "The comprehensive WSGI web application library."
name = "werkzeug"
optional = false
python-versions = ">=2.7, !=3.0.*, !=3.1.*, !=3.2.*, !=3.3.*"
version = "0.15.6"

[metadata]
content-hash = "b6e486d7cb4b107807b7a710f7c75902a7dfcb24c59829a1e2f1c0486329d3f9"
python-versions = "^3.7"

[metadata.hashes]
appnope = ["5b26757dc6f79a3b7dc9fab95359328d5747fcb2409d331ea66d0272b90ab2a0", "8b995ffe925347a2138d7ac0fe77155e4311a0ea6d6da4f5128fe4b3cbe5ed71"]
backcall = ["38ecd85be2c1e78f77fd91700c76e14667dc21e2713b63876c0eb901196e01e4", "bbbf4b1e5cd2bdb08f915895b51081c041bac22394fdfcfdfbe9f14b77c08bf2"]
colorama = ["05eed71e2e327246ad6b38c540c4a3117230b19679b875190486ddd2d721422d", "f8ac84de7840f5b9c4e3347b3c1eaa50f7e49c2b07596221daec5edaabbd7c48"]
decorator = ["86156361c50488b84a3f148056ea716ca587df2f0de1d34750d35c21312725de", "f069f3a01830ca754ba5258fde2278454a0b5b79e0d7f5c13b3b97e57d4acff6"]
django = ["4025317ca01f75fc79250ff7262a06d8ba97cd4f82e93394b2a0a6a4a925caeb", "a8ca1033acac9f33995eb2209a6bf18a4681c3e5269a878e9a7e0b7384ed1ca3"]
django-autocompletefilter = ["40d09a9a314f667deebddeb6ff4daa1601372a36d19234367153d9476b6446f5", "d7aeeca98b9cee58026a455b283eb990f6584b66361d0d4556417f4cf6f2f77e"]
django-constance = ["19ff1ae8295aeffc2917ab67da4b310bfaf8c42f34d570f89e289fd54c4217b0", "417f9866a4fcd93c198acd16d5bc22b68e491eaabb18efea4c70d183d42daa45"]
django-cors-headers = ["5762ec9c2d59f38c76828dc1d4308baca4bc0d3e1d6f217683e7a24a1c4611a3", "ee02f4b699e9b6645602a46d0adb430ee940a1bf8df64f77e516f8d7711fee60"]
django-extensions = ["a9db7c56a556d244184f589f2437b4228de86ee45e5ebb837fb20c6d54e95ea5", "b58320d3fe3d6ae7d1d8e38959713fa92272f4921e662d689058d942a5b444f7"]
django-filter = ["558c727bce3ffa89c4a7a0b13bc8976745d63e5fd576b3a9a851650ef11c401b", "c3deb57f0dd7ff94d7dce52a047516822013e2b441bed472b722a317658cfd14"]
django-loginas = ["bd72331883954836e0e78df63e4e49e928c284d0f889f40cd227f892b1d26eff", "d45ef6d67414526aae3020948ad9ac2f5e5f806a3f2d197dbdc148ce685b147a"]
django-picklefield = ["9052f2dcf4882c683ce87b4356f29b4d014c0dad645b6906baf9f09571f52bc8", "f1733a8db1b6046c0d7d738e785f9875aa3c198215de11993463a9339aa4ea24"]
django-reversion = ["1aeed0b723b5be14c4dc7e7c7e03f9538e7ef29c997585e2e8fb414cf38818f4", "ed46722389fb2441860d471c7538967dee545bcee891d3d907b04f4baa98f5fa"]
django-split-settings = ["db4d24a2da2f17e0aa97437f052eda7d043a3e2eaa9c8a85a171271e0f91852b", "f5a5c6431ab00a78959f7930a79faaf488b2fe8a4eddc4297ef8cd593e74868d"]
djangorestframework = ["5488aed8f8df5ec1d70f04b2114abc52ae6729748a176c453313834a9ee179c8", "dc81cbf9775c6898a580f6f1f387c4777d12bd87abf0f5406018d32ccae71090"]
djangorestframework-serializer-extensions = ["c383f18bf38ee1277cc8cb738f4667b8b9b6bd9a2f98ca938f8ac8c703a68ae4", "f44c5592dfd1289af1bd6afb6ba9b2afe0881c5cd9c242e8e76f08a9fcab16cb"]
djangorestframework-simplejwt = ["4cb1a51bf9b098b983e1326a1cfc65fb0b3c5a2aa0fa43effdbf05dd6da5e8cb", "d025211806622c53020aa4f66029f1f7305e38de6439116b4a842661fc02cf36"]
hashids = ["6539b892a426e75747a9c0ad69409e9566f9c21b79310fc3424b5b6726f28da6"]
ipython = ["dfd303b270b7b5232b3d08bd30ec6fd685d8a58cabd54055e3d69d8f029f7280", "ed7ebe1cba899c1c3ccad6f7f1c2d2369464cc77dba8eebc65e2043e19cda995"]
ipython-genutils = ["72dd37233799e619666c9f639a9da83c34013a73e8bbc79a7a6348d93c61fab8", "eb2e116e75ecef9d4d228fdc66af54269afa26ab4463042e33785b887c628ba8"]
jedi = ["786b6c3d80e2f06fd77162a07fed81b8baa22dde5d62896a790a331d6ac21a27", "ba859c74fa3c966a22f2aeebe1b74ee27e2a462f56d3f5f7ca4a59af61bfe42e"]
parso = ["63854233e1fadb5da97f2744b6b24346d2750b85965e7e399bec1620232797dc", "666b0ee4a7a1220f65d367617f2cd3ffddff3e205f3f16a0284df30e774c2a9c"]
pexpect = ["2094eefdfcf37a1fdbfb9aa090862c1a4878e5c7e0e7e7088bdb511c558e5cd1", "9e2c1fd0e6ee3a49b28f95d4b33bc389c89b20af6a1255906e90ff1262ce62eb"]
pickleshare = ["87683d47965c1da65cdacaf31c8441d12b8044cdec9aca500cd78fc2c683afca", "9649af414d74d4df115d5d718f82acb59c9d418196b7b4290ed47a12ce62df56"]
pillow = ["047d9473cf68af50ac85f8ee5d5f21a60f849bc17d348da7fc85711287a75031", "0f66dc6c8a3cc319561a633b6aa82c44107f12594643efa37210d8c924fc1c71", "12c9169c4e8fe0a7329e8658c7e488001f6b4c8e88740e76292c2b857af2e94c", "248cffc168896982f125f5c13e9317c059f74fffdb4152893339f3be62a01340", "27faf0552bf8c260a5cee21a76e031acaea68babb64daf7e8f2e2540745082aa", "285edafad9bc60d96978ed24d77cdc0b91dace88e5da8c548ba5937c425bca8b", "384b12c9aa8ef95558abdcb50aada56d74bc7cc131dd62d28c2d0e4d3aadd573", "38950b3a707f6cef09cd3cbb142474357ad1a985ceb44d921bdf7b4647b3e13e", "4aad1b88933fd6dc2846552b89ad0c74ddbba2f0884e2c162aa368374bf5abab", "4ac6148008c169603070c092e81f88738f1a0c511e07bd2bb0f9ef542d375da9", "4deb1d2a45861ae6f0b12ea0a786a03d19d29edcc7e05775b85ec2877cb54c5e", "59aa2c124df72cc75ed72c8d6005c442d4685691a30c55321e00ed915ad1a291", "5a47d2123a9ec86660fe0e8d0ebf0aa6bc6a17edc63f338b73ea20ba11713f12", "5cc901c2ab9409b4b7ac7b5bcc3e86ac14548627062463da0af3b6b7c555a871", "6c1db03e8dff7b9f955a0fb9907eb9ca5da75b5ce056c0c93d33100a35050281", "7ce80c0a65a6ea90ef9c1f63c8593fcd2929448613fc8da0adf3e6bfad669d08", "809c19241c14433c5d6135e1b6c72da4e3b56d5c865ad5736ab99af8896b8f41", "83792cb4e0b5af480588601467c0764242b9a483caea71ef12d22a0d0d6bdce2", "846fa202bd7ee0f6215c897a1d33238ef071b50766339186687bd9b7a6d26ac5", "9f5529fc02009f96ba95bea48870173426879dc19eec49ca8e08cd63ecd82ddb", "a423c2ea001c6265ed28700df056f75e26215fd28c001e93ef4380b0f05f9547", "ac4428094b42907aba5879c7c000d01c8278d451a3b7cccd2103e21f6397ea75", "b1ae48d87f10d1384e5beecd169c77502fcc04a2c00a4c02b85f0a94b419e5f9", "bf4e972a88f8841d8fdc6db1a75e0f8d763e66e3754b03006cbc3854d89f1cb1", "c6414f6aad598364aaf81068cabb077894eb88fed99c6a65e6e8217bab62ae7a", "c710fcb7ee32f67baf25aa9ffede4795fd5d93b163ce95fdc724383e38c9df96", "c7be4b8a09852291c3c48d3c25d1b876d2494a0a674980089ac9d5e0d78bd132", "c9e5ffb910b14f090ac9c38599063e354887a5f6d7e6d26795e916b4514f2c1a", "e0697b826da6c2472bb6488db4c0a7fa8af0d52fa08833ceb3681358914b14e5", "e9a3edd5f714229d41057d56ac0f39ad9bdba6767e8c888c951869f0bdd129b0"]
prompt-toolkit = ["46642344ce457641f28fc9d1c9ca939b63dadf8df128b86f1b9860e59c73a5e4", "e7f8af9e3d70f514373bf41aa51bc33af12a6db3f71461ea47fea985defb2c31", "f15af68f66e664eaa559d4ac8a928111eebd5feda0c11738b5998045224829db"]
ptyprocess = ["923f299cc5ad920c68f2bc0bc98b75b9f838b93b599941a6b63ddbc2476394c0", "d7cc528d76e76342423ca640335bd3633420dc1366f258cb31d05e865ef5ca1f"]
pygments = ["71e430bc85c88a430f000ac1d9b331d2407f681d6f6aec95e8bcfbc3df5b0127", "881c4c157e45f30af185c1ffe8d549d48ac9127433f2c380c24b84572ad66297"]
pyjwt = ["5c6eca3c2940464d106b99ba83b00c6add741c9becaec087fb7ccdefea71350e", "8d59a976fb773f3e6a39c85636357c4f0e242707394cadadd9814f5cbaa20e96"]
pytz = ["1c557d7d0e871de1f5ccd5833f60fb2550652da6be2693c1e02300743d21500d", "b02c06db6cf09c12dd25137e563b31700d3b80fcc4ad23abb7a315f2789819be"]
pyyaml = ["0113bc0ec2ad727182326b61326afa3d1d8280ae1122493553fd6f4397f33df9", "01adf0b6c6f61bd11af6e10ca52b7d4057dd0be0343eb9283c878cf3af56aee4", "5124373960b0b3f4aa7df1707e63e9f109b5263eca5976c66e08b1c552d4eaf8", "5ca4f10adbddae56d824b2c09668e91219bb178a1eee1faa56af6f99f11bf696", "7907be34ffa3c5a32b60b95f4d95ea25361c951383a894fec31be7252b2b6f34", "7ec9b2a4ed5cad025c2278a1e6a19c011c80a3caaac804fd2d329e9cc2c287c9", "87ae4c829bb25b9fe99cf71fbb2140c448f534e24c998cc60f39ae4f94396a73", "9de9919becc9cc2ff03637872a440195ac4241c80536632fffeb6a1e25a74299", "a5a85b10e450c66b49f98846937e8cfca1db3127a9d5d1e31ca45c3d0bef4c5b", "b0997827b4f6a7c286c01c5f60384d218dca4ed7d9efa945c3e1aa623d5709ae", "b631ef96d3222e62861443cc89d6563ba3eeb816eeb96b2629345ab795e53681", "bf47c0607522fdbca6c9e817a6e81b08491de50f3766a7a0e6a5be7905961b41", "f81025eddd0327c7d4cfe9b62cf33190e1e736cc6e97502b3ec425f574b3e7a8"]
six = ["3350809f0555b11f552448330d0b52d5f24c91a322ea4a15ef22629740f3761c", "d16a0141ec1a18405cd4ce8b4613101da75da0e9a7aec5bdd4fa804d0e0eba73"]
sqlparse = ["40afe6b8d4b1117e7dff5504d7a8ce07d9a1b15aeeade8a2d10f130a834f8177", "7c3dca29c022744e95b547e867cee89f4fce4373f3549ccd8797d8eb52cdb873"]
traitlets = ["70b4c6a1d9019d7b4f6846832288f86998aa3b9207c6821f3578a6a6a467fe44", "d023ee369ddd2763310e4c3eae1ff649689440d4ae59d7485eb4cfbbe3e359f7"]
uritemplate = ["01c69f4fe8ed503b2951bef85d996a9d22434d2431584b5b107b2981ff416fbd", "1b9c467a940ce9fb9f50df819e8ddd14696f89b9a8cc87ac77952ba416e0a8fd", "c02643cebe23fc8adb5e6becffe201185bf06c40bda5c0b4028a93f1527d011d"]
wcwidth = ["3df37372226d6e63e1b1e1eda15c594bca98a22d33a23832a90998faa96bc65e", "f4ebe71925af7b40a864553f761ed559b43544f8f71746c2d756c7fe788ade7c"]
werkzeug = ["00d32beac38fcd48d329566f80d39f10ec2ed994efbecfb8dd4b320062d05902", "0a24d43be6a7dce81bae05292356176d6c46d63e42a0dd3f9504b210a9cfaa43"]
